{
  "version": "3",
  "redirects": {
    "https://esm.sh/cheerio": "https://esm.sh/cheerio@1.0.0-rc.12"
  },
  "remote": {
    "https://deno.land/std@0.189.0/fmt/colors.ts": "d67e3cd9f472535241a8e410d33423980bec45047e343577554d3356e1f0ef4e",
    "https://deno.land/std@0.189.0/streams/write_all.ts": "aec90152978581ea62d56bb53a5cbf487e6a89c902f87c5969681ffbdf32b998",
    "https://deno.land/std@0.210.0/fmt/colors.ts": "2685c524bef9b16b3059a417daf6860c754eb755e19e812762ef5dff62f24481",
    "https://deno.land/std@0.215.0/async/delay.ts": "8e1d18fe8b28ff95885e2bc54eccec1713f57f756053576d8228e6ca110793ad",
    "https://deno.land/std@0.215.0/fmt/colors.ts": "aeaee795471b56fc62a3cb2e174ed33e91551b535f44677f6320336aabb54fbb",
    "https://deno.land/x/cheerio@1.0.7/mod.ts": "3165160f0fe6507408115377a3e55d3cb3095ee1878d5f9b740e84c2d1dc1e0a",
    "https://deno.land/x/logger@v1.1.5/date.ts": "09041dc83c9cddb489b875f45b07336dd894c23b9dd5b47235b94180571a2efa",
    "https://deno.land/x/logger@v1.1.5/deps.ts": "1b09212250f8023edd69efb798874ca19bf90c4ed7cdcc1a292dc16c5bb2cf6d",
    "https://deno.land/x/logger@v1.1.5/eol.ts": "493acd048c546fd48bcd26365d4dadf3db81ce32c4611ca5b0b19e6de9f9826a",
    "https://deno.land/x/logger@v1.1.5/fs.ts": "7d1c7261e9f15d25c6c09df43169a4665bd9da7e2413534aa294f4b184f3fa4e",
    "https://deno.land/x/logger@v1.1.5/interface.ts": "7bca0b861b894e914508aab1afdd7e42e598695a50a3efe9db54be8ba4ab3b0e",
    "https://deno.land/x/logger@v1.1.5/logger.ts": "d058a83ec4ceb8582449d1a0f1ba4adce9a85d5c05b2fb1cf9920f7f896a0608",
    "https://deno.land/x/logger@v1.1.5/stdout.ts": "f11db1f6569681fe58139b07de1f76e205bf28f6e341a50d56d3b13d95c1f6bb",
    "https://deno.land/x/logger@v1.1.5/types.ts": "8835d0d56f500112f92b36d8f241f95bccef93f73de203f7cd86de3ab4383d80",
    "https://deno.land/x/logger@v1.1.5/writable.ts": "bb60ba4a798a10ac1649e30598c0c346055c0dcacb8f1e9452e4f66ea6680a45",
    "https://deno.land/x/logger@v1.1.5/writer.ts": "539ff3a1bdefef897ca1d13d387ee4d84d6491f460020454e9158076f5e09221",
    "https://deno.land/x/progress@v1.4.4/deps.ts": "f2886f3f87af20b397ffcf9723a0fabc5893491ce9ce7615a37b1d7a38539247",
    "https://deno.land/x/progress@v1.4.4/mod.ts": "7032850d8a29dacbe27c535b9319ad73c3e5ac4160ba5129f70fb32baf5f0e7a",
    "https://deno.land/x/progress@v1.4.4/multi.ts": "1d32421e422af0ba952b86183403a62862d04c4e80ee8b59064d2987e68726dc",
    "https://deno.land/x/progress@v1.4.4/time.ts": "001198ff9fe2a452830515fc944665c4369990102978b325e1c9094486cfd8ab",
    "https://esm.sh/cheerio@1.0.0-rc.12": "f2df09a207094c060115470643b70099ef967dba5238de17bdc6bb820cb9ac0d",
    "https://esm.sh/v135/boolbase@1.0.0/denonext/boolbase.mjs": "4e3bd67e9b1c5c55094eae98345d0107c6a44ef57bd3d4b9579698fa44722280",
    "https://esm.sh/v135/cheerio-select@2.1.0/denonext/cheerio-select.mjs": "5b882e2ef61d79044badb386948403758e0b171f54bcd2f4975c502c8096a2df",
    "https://esm.sh/v135/cheerio@1.0.0-rc.12/denonext/cheerio.mjs": "857011c7a0c086bf86d6215e73851251dce13d4489d82b9a614de34d2696ce41",
    "https://esm.sh/v135/cheerio@1.0.0-rc.12/denonext/lib/utils.js": "23db4ab02bf34f134210e809b1bd4e8bc0115ce79dc0581d7a47e1a6b39fb379",
    "https://esm.sh/v135/css-select@5.1.0/denonext/css-select.mjs": "7f4fb680eff2223a68fb5a1efa12e905077d7e6c44ae66c01fc437fe7af58f8b",
    "https://esm.sh/v135/css-what@6.1.0/denonext/css-what.mjs": "283d02df6fef73d3223b55324b559b363dd0e4c008ea1efbcf9f14b8f2642202",
    "https://esm.sh/v135/dom-serializer@2.0.0/denonext/dom-serializer.mjs": "700001f5fdb9f72fc7d1f169be700489ddd7f19489b58b6e8691ff1fca9000fe",
    "https://esm.sh/v135/domelementtype@2.3.0/denonext/domelementtype.mjs": "371936c356d5ac797f2ce3a66b98dfc73e6fff0e095b2858b85668e6ad7d10e0",
    "https://esm.sh/v135/domhandler@5.0.3/denonext/domhandler.mjs": "8c6e56c4596bbe7e9fd9d615f8fcdec7f11075f217bdc966a02ebe89c01b9f6f",
    "https://esm.sh/v135/domutils@3.1.0/denonext/domutils.mjs": "2a86554cc5f543a068bbf6ea6ed0647f4ad4c3ccb555f0da9fae09180cd7b611",
    "https://esm.sh/v135/entities@4.5.0/denonext/entities.mjs": "a9e8f9c22022c34755d1189030ac30c68545ccf8532fa32654c50fe9d90a13a1",
    "https://esm.sh/v135/entities@4.5.0/denonext/lib/decode.js": "7fea6d8bd725edbbf7ea05031d2ea1bbbc1166dc11e3345d541198dd2dc16f1e",
    "https://esm.sh/v135/entities@4.5.0/denonext/lib/escape.js": "7ebdc622bf3618bab25db40da4a49e2b9d03f044745f125f0bc3359f2d060def",
    "https://esm.sh/v135/htmlparser2@8.0.2/denonext/htmlparser2.mjs": "219a31d81c87d8ea21bec9be33d0d03bb8942c8b79fb8b9e2e6a05b826fc24dc",
    "https://esm.sh/v135/nth-check@2.1.1/denonext/nth-check.mjs": "638b4f5a22236cd05c7d1d43e5c6ea719695c4a8bc7beccdf8d97a434bea96dc",
    "https://esm.sh/v135/parse5-htmlparser2-tree-adapter@7.0.0/denonext/parse5-htmlparser2-tree-adapter.mjs": "2e8c24c6859e24e7c0f1e634574f8c014860868a603e85430b98212460e25091",
    "https://esm.sh/v135/parse5@7.1.2/denonext/parse5.mjs": "35bb04ec36a1c25c8cd8137296d64d16fd523a8ad1c2b63c41ba867fcd455c36"
  },
  "workspace": {
    "packageJson": {
      "dependencies": [
        "npm:jquery@^3.7.1",
        "npm:onchange@^7.1.0",
        "npm:uglify-js@^3.17.4"
      ]
    }
  }
}
